// !$*UTF8*$!
{
	archiveVersion = 1;
	classes = {
	};
	objectVersion = 46;
	objects = {

/* Begin PBXBuildFile section */
		2A1F57D21EF96657009391E9 /* HJCollectionViewFlowLayout.m in Sources */ = {isa = PBXBuildFile; fileRef = 2A1F57D11EF96657009391E9 /* HJCollectionViewFlowLayout.m */; };
		2A6A8E341EF8168300ABFBFB /* HJImagePickerBottomView.m in Sources */ = {isa = PBXBuildFile; fileRef = 2A6A8E331EF8168300ABFBFB /* HJImagePickerBottomView.m */; };
		7F60246B643E7C2B73525029 /* libPods-HJImagePickerDemo.a in Frameworks */ = {isa = PBXBuildFile; fileRef = E93541319F3A416B641798CA /* libPods-HJImagePickerDemo.a */; };
		A90BFCD4693A3C6053B9898C /* libPods-HJImagePickerDemoUITests.a in Frameworks */ = {isa = PBXBuildFile; fileRef = 0B11A6E296AC11032B2C63DE /* libPods-HJImagePickerDemoUITests.a */; };
		C4CF3F1D1EF366E900904F76 /* HJPhotoFetchManager.m in Sources */ = {isa = PBXBuildFile; fileRef = C4CF3F1C1EF366E900904F76 /* HJPhotoFetchManager.m */; };
		C4CF3F241EF77E3000904F76 /* HJNavigationView.m in Sources */ = {isa = PBXBuildFile; fileRef = C4CF3F231EF77E3000904F76 /* HJNavigationView.m */; };
		C4CF3F251EF8A3E200904F76 /* Photos.framework in Frameworks */ = {isa = PBXBuildFile; fileRef = C4FA49C61EF2304900489B3C /* Photos.framework */; };
		C4FA499B1EF222B300489B3C /* main.m in Sources */ = {isa = PBXBuildFile; fileRef = C4FA499A1EF222B300489B3C /* main.m */; };
		C4FA499E1EF222B400489B3C /* AppDelegate.m in Sources */ = {isa = PBXBuildFile; fileRef = C4FA499D1EF222B400489B3C /* AppDelegate.m */; };
		C4FA49A11EF222B400489B3C /* ViewController.m in Sources */ = {isa = PBXBuildFile; fileRef = C4FA49A01EF222B400489B3C /* ViewController.m */; };
		C4FA49A61EF222B400489B3C /* Assets.xcassets in Resources */ = {isa = PBXBuildFile; fileRef = C4FA49A51EF222B400489B3C /* Assets.xcassets */; };
		C4FA49B41EF222B500489B3C /* HJImagePickerDemoUITests.m in Sources */ = {isa = PBXBuildFile; fileRef = C4FA49B31EF222B500489B3C /* HJImagePickerDemoUITests.m */; };
		C4FA49C21EF2283400489B3C /* HJImagePickerViewController.m in Sources */ = {isa = PBXBuildFile; fileRef = C4FA49C11EF2283400489B3C /* HJImagePickerViewController.m */; };
		C4FA49C41EF228AD00489B3C /* imagePicker.xcassets in Resources */ = {isa = PBXBuildFile; fileRef = C4FA49C31EF228AD00489B3C /* imagePicker.xcassets */; };
		C4FA49CA1EF2645A00489B3C /* HJAlbumView.m in Sources */ = {isa = PBXBuildFile; fileRef = C4FA49C91EF2645A00489B3C /* HJAlbumView.m */; };
		C4FA49CD1EF2648F00489B3C /* HJGridView.m in Sources */ = {isa = PBXBuildFile; fileRef = C4FA49CC1EF2648F00489B3C /* HJGridView.m */; };
		C4FA49D01EF2676500489B3C /* HJAlbumTableViewCell.m in Sources */ = {isa = PBXBuildFile; fileRef = C4FA49CF1EF2676500489B3C /* HJAlbumTableViewCell.m */; };
		C4FA49D31EF2678B00489B3C /* HJGridViewCell.m in Sources */ = {isa = PBXBuildFile; fileRef = C4FA49D21EF2678B00489B3C /* HJGridViewCell.m */; };
/* End PBXBuildFile section */

/* Begin PBXContainerItemProxy section */
		C4FA49B01EF222B500489B3C /* PBXContainerItemProxy */ = {
			isa = PBXContainerItemProxy;
			containerPortal = C4FA498E1EF222B300489B3C /* Project object */;
			proxyType = 1;
			remoteGlobalIDString = C4FA49951EF222B300489B3C;
			remoteInfo = HJImagePickerDemo;
		};
/* End PBXContainerItemProxy section */

/* Begin PBXFileReference section */
		0B11A6E296AC11032B2C63DE /* libPods-HJImagePickerDemoUITests.a */ = {isa = PBXFileReference; explicitFileType = archive.ar; includeInIndex = 0; path = "libPods-HJImagePickerDemoUITests.a"; sourceTree = BUILT_PRODUCTS_DIR; };
		2A1F57D01EF96657009391E9 /* HJCollectionViewFlowLayout.h */ = {isa = PBXFileReference; fileEncoding = 4; lastKnownFileType = sourcecode.c.h; path = HJCollectionViewFlowLayout.h; sourceTree = "<group>"; };
		2A1F57D11EF96657009391E9 /* HJCollectionViewFlowLayout.m */ = {isa = PBXFileReference; fileEncoding = 4; lastKnownFileType = sourcecode.c.objc; path = HJCollectionViewFlowLayout.m; sourceTree = "<group>"; };
		2A6A8E321EF8168300ABFBFB /* HJImagePickerBottomView.h */ = {isa = PBXFileReference; fileEncoding = 4; lastKnownFileType = sourcecode.c.h; path = HJImagePickerBottomView.h; sourceTree = "<group>"; };
		2A6A8E331EF8168300ABFBFB /* HJImagePickerBottomView.m */ = {isa = PBXFileReference; fileEncoding = 4; lastKnownFileType = sourcecode.c.objc; path = HJImagePickerBottomView.m; sourceTree = "<group>"; };
		9395D34498684FD86BC26ACF /* Pods-HJImagePickerDemoUITests.release.xcconfig */ = {isa = PBXFileReference; includeInIndex = 1; lastKnownFileType = text.xcconfig; name = "Pods-HJImagePickerDemoUITests.release.xcconfig"; path = "Pods/Target Support Files/Pods-HJImagePickerDemoUITests/Pods-HJImagePickerDemoUITests.release.xcconfig"; sourceTree = "<group>"; };
		A5D29EA0DD2C9EFE31336EC9 /* Pods-HJImagePickerDemo.release.xcconfig */ = {isa = PBXFileReference; includeInIndex = 1; lastKnownFileType = text.xcconfig; name = "Pods-HJImagePickerDemo.release.xcconfig"; path = "Pods/Target Support Files/Pods-HJImagePickerDemo/Pods-HJImagePickerDemo.release.xcconfig"; sourceTree = "<group>"; };
		C4CF3F1B1EF366E900904F76 /* HJPhotoFetchManager.h */ = {isa = PBXFileReference; fileEncoding = 4; lastKnownFileType = sourcecode.c.h; path = HJPhotoFetchManager.h; sourceTree = "<group>"; };
		C4CF3F1C1EF366E900904F76 /* HJPhotoFetchManager.m */ = {isa = PBXFileReference; fileEncoding = 4; lastKnownFileType = sourcecode.c.objc; path = HJPhotoFetchManager.m; sourceTree = "<group>"; };
		C4CF3F221EF77E3000904F76 /* HJNavigationView.h */ = {isa = PBXFileReference; fileEncoding = 4; lastKnownFileType = sourcecode.c.h; path = HJNavigationView.h; sourceTree = "<group>"; };
		C4CF3F231EF77E3000904F76 /* HJNavigationView.m */ = {isa = PBXFileReference; fileEncoding = 4; lastKnownFileType = sourcecode.c.objc; path = HJNavigationView.m; sourceTree = "<group>"; };
		C4FA49961EF222B300489B3C /* HJImagePickerDemo.app */ = {isa = PBXFileReference; explicitFileType = wrapper.application; includeInIndex = 0; path = HJImagePickerDemo.app; sourceTree = BUILT_PRODUCTS_DIR; };
		C4FA499A1EF222B300489B3C /* main.m */ = {isa = PBXFileReference; lastKnownFileType = sourcecode.c.objc; path = main.m; sourceTree = "<group>"; };
		C4FA499C1EF222B400489B3C /* AppDelegate.h */ = {isa = PBXFileReference; lastKnownFileType = sourcecode.c.h; path = AppDelegate.h; sourceTree = "<group>"; };
		C4FA499D1EF222B400489B3C /* AppDelegate.m */ = {isa = PBXFileReference; lastKnownFileType = sourcecode.c.objc; path = AppDelegate.m; sourceTree = "<group>"; };
		C4FA499F1EF222B400489B3C /* ViewController.h */ = {isa = PBXFileReference; lastKnownFileType = sourcecode.c.h; path = ViewController.h; sourceTree = "<group>"; };
		C4FA49A01EF222B400489B3C /* ViewController.m */ = {isa = PBXFileReference; lastKnownFileType = sourcecode.c.objc; path = ViewController.m; sourceTree = "<group>"; };
		C4FA49A51EF222B400489B3C /* Assets.xcassets */ = {isa = PBXFileReference; lastKnownFileType = folder.assetcatalog; path = Assets.xcassets; sourceTree = "<group>"; };
		C4FA49AA1EF222B400489B3C /* Info.plist */ = {isa = PBXFileReference; lastKnownFileType = text.plist.xml; path = Info.plist; sourceTree = "<group>"; };
		C4FA49AF1EF222B500489B3C /* HJImagePickerDemoUITests.xctest */ = {isa = PBXFileReference; explicitFileType = wrapper.cfbundle; includeInIndex = 0; path = HJImagePickerDemoUITests.xctest; sourceTree = BUILT_PRODUCTS_DIR; };
		C4FA49B31EF222B500489B3C /* HJImagePickerDemoUITests.m */ = {isa = PBXFileReference; lastKnownFileType = sourcecode.c.objc; path = HJImagePickerDemoUITests.m; sourceTree = "<group>"; };
		C4FA49B51EF222B500489B3C /* Info.plist */ = {isa = PBXFileReference; lastKnownFileType = text.plist.xml; path = Info.plist; sourceTree = "<group>"; };
		C4FA49C01EF2283400489B3C /* HJImagePickerViewController.h */ = {isa = PBXFileReference; fileEncoding = 4; lastKnownFileType = sourcecode.c.h; path = HJImagePickerViewController.h; sourceTree = "<group>"; };
		C4FA49C11EF2283400489B3C /* HJImagePickerViewController.m */ = {isa = PBXFileReference; fileEncoding = 4; lastKnownFileType = sourcecode.c.objc; path = HJImagePickerViewController.m; sourceTree = "<group>"; };
		C4FA49C31EF228AD00489B3C /* imagePicker.xcassets */ = {isa = PBXFileReference; lastKnownFileType = folder.assetcatalog; path = imagePicker.xcassets; sourceTree = "<group>"; };
		C4FA49C61EF2304900489B3C /* Photos.framework */ = {isa = PBXFileReference; lastKnownFileType = wrapper.framework; name = Photos.framework; path = System/Library/Frameworks/Photos.framework; sourceTree = SDKROOT; };
		C4FA49C81EF2645A00489B3C /* HJAlbumView.h */ = {isa = PBXFileReference; fileEncoding = 4; lastKnownFileType = sourcecode.c.h; path = HJAlbumView.h; sourceTree = "<group>"; };
		C4FA49C91EF2645A00489B3C /* HJAlbumView.m */ = {isa = PBXFileReference; fileEncoding = 4; lastKnownFileType = sourcecode.c.objc; path = HJAlbumView.m; sourceTree = "<group>"; };
		C4FA49CB1EF2648F00489B3C /* HJGridView.h */ = {isa = PBXFileReference; fileEncoding = 4; lastKnownFileType = sourcecode.c.h; path = HJGridView.h; sourceTree = "<group>"; };
		C4FA49CC1EF2648F00489B3C /* HJGridView.m */ = {isa = PBXFileReference; fileEncoding = 4; lastKnownFileType = sourcecode.c.objc; path = HJGridView.m; sourceTree = "<group>"; };
		C4FA49CE1EF2676500489B3C /* HJAlbumTableViewCell.h */ = {isa = PBXFileReference; fileEncoding = 4; lastKnownFileType = sourcecode.c.h; path = HJAlbumTableViewCell.h; sourceTree = "<group>"; };
		C4FA49CF1EF2676500489B3C /* HJAlbumTableViewCell.m */ = {isa = PBXFileReference; fileEncoding = 4; lastKnownFileType = sourcecode.c.objc; path = HJAlbumTableViewCell.m; sourceTree = "<group>"; };
		C4FA49D11EF2678B00489B3C /* HJGridViewCell.h */ = {isa = PBXFileReference; fileEncoding = 4; lastKnownFileType = sourcecode.c.h; path = HJGridViewCell.h; sourceTree = "<group>"; };
		C4FA49D21EF2678B00489B3C /* HJGridViewCell.m */ = {isa = PBXFileReference; fileEncoding = 4; lastKnownFileType = sourcecode.c.objc; path = HJGridViewCell.m; sourceTree = "<group>"; };
		CB8854312E387EFC4F626DDC /* Pods-HJImagePickerDemo.debug.xcconfig */ = {isa = PBXFileReference; includeInIndex = 1; lastKnownFileType = text.xcconfig; name = "Pods-HJImagePickerDemo.debug.xcconfig"; path = "Pods/Target Support Files/Pods-HJImagePickerDemo/Pods-HJImagePickerDemo.debug.xcconfig"; sourceTree = "<group>"; };
		D65686D22F414DD050EEB6DA /* Pods-HJImagePickerDemoUITests.debug.xcconfig */ = {isa = PBXFileReference; includeInIndex = 1; lastKnownFileType = text.xcconfig; name = "Pods-HJImagePickerDemoUITests.debug.xcconfig"; path = "Pods/Target Support Files/Pods-HJImagePickerDemoUITests/Pods-HJImagePickerDemoUITests.debug.xcconfig"; sourceTree = "<group>"; };
		E93541319F3A416B641798CA /* libPods-HJImagePickerDemo.a */ = {isa = PBXFileReference; explicitFileType = archive.ar; includeInIndex = 0; path = "libPods-HJImagePickerDemo.a"; sourceTree = BUILT_PRODUCTS_DIR; };
/* End PBXFileReference section */

/* Begin PBXFrameworksBuildPhase section */
		C4FA49931EF222B300489B3C /* Frameworks */ = {
			isa = PBXFrameworksBuildPhase;
			buildActionMask = 2147483647;
			files = (
				C4CF3F251EF8A3E200904F76 /* Photos.framework in Frameworks */,
				7F60246B643E7C2B73525029 /* libPods-HJImagePickerDemo.a in Frameworks */,
			);
			runOnlyForDeploymentPostprocessing = 0;
		};
		C4FA49AC1EF222B500489B3C /* Frameworks */ = {
			isa = PBXFrameworksBuildPhase;
			buildActionMask = 2147483647;
			files = (
				A90BFCD4693A3C6053B9898C /* libPods-HJImagePickerDemoUITests.a in Frameworks */,
			);
			runOnlyForDeploymentPostprocessing = 0;
		};
/* End PBXFrameworksBuildPhase section */

/* Begin PBXGroup section */
		5A2E24AEC7F6449B8C18FB05 /* Pods */ = {
			isa = PBXGroup;
			children = (
				CB8854312E387EFC4F626DDC /* Pods-HJImagePickerDemo.debug.xcconfig */,
				A5D29EA0DD2C9EFE31336EC9 /* Pods-HJImagePickerDemo.release.xcconfig */,
				D65686D22F414DD050EEB6DA /* Pods-HJImagePickerDemoUITests.debug.xcconfig */,
				9395D34498684FD86BC26ACF /* Pods-HJImagePickerDemoUITests.release.xcconfig */,
			);
			name = Pods;
			sourceTree = "<group>";
		};
		C4FA498D1EF222B300489B3C = {
			isa = PBXGroup;
			children = (
				C4FA49981EF222B300489B3C /* HJImagePickerDemo */,
				C4FA49B21EF222B500489B3C /* HJImagePickerDemoUITests */,
				C4FA49971EF222B300489B3C /* Products */,
				C4FA49C51EF2304800489B3C /* Frameworks */,
				5A2E24AEC7F6449B8C18FB05 /* Pods */,
			);
			sourceTree = "<group>";
		};
		C4FA49971EF222B300489B3C /* Products */ = {
			isa = PBXGroup;
			children = (
				C4FA49961EF222B300489B3C /* HJImagePickerDemo.app */,
				C4FA49AF1EF222B500489B3C /* HJImagePickerDemoUITests.xctest */,
			);
			name = Products;
			sourceTree = "<group>";
		};
		C4FA49981EF222B300489B3C /* HJImagePickerDemo */ = {
			isa = PBXGroup;
			children = (
				C4FA49BF1EF2280900489B3C /* HJImagePicker */,
				C4FA499C1EF222B400489B3C /* AppDelegate.h */,
				C4FA499D1EF222B400489B3C /* AppDelegate.m */,
				C4FA499F1EF222B400489B3C /* ViewController.h */,
				C4FA49A01EF222B400489B3C /* ViewController.m */,
				C4FA49A51EF222B400489B3C /* Assets.xcassets */,
				C4FA49AA1EF222B400489B3C /* Info.plist */,
				C4FA49991EF222B300489B3C /* Supporting Files */,
			);
			path = HJImagePickerDemo;
			sourceTree = "<group>";
		};
		C4FA49991EF222B300489B3C /* Supporting Files */ = {
			isa = PBXGroup;
			children = (
				C4FA499A1EF222B300489B3C /* main.m */,
			);
			name = "Supporting Files";
			sourceTree = "<group>";
		};
		C4FA49B21EF222B500489B3C /* HJImagePickerDemoUITests */ = {
			isa = PBXGroup;
			children = (
				C4FA49B31EF222B500489B3C /* HJImagePickerDemoUITests.m */,
				C4FA49B51EF222B500489B3C /* Info.plist */,
			);
			path = HJImagePickerDemoUITests;
			sourceTree = "<group>";
		};
		C4FA49BF1EF2280900489B3C /* HJImagePicker */ = {
			isa = PBXGroup;
			children = (
				C4FA49C01EF2283400489B3C /* HJImagePickerViewController.h */,
				C4FA49C11EF2283400489B3C /* HJImagePickerViewController.m */,
				C4FA49C31EF228AD00489B3C /* imagePicker.xcassets */,
				C4FA49C81EF2645A00489B3C /* HJAlbumView.h */,
				C4FA49C91EF2645A00489B3C /* HJAlbumView.m */,
				C4FA49CE1EF2676500489B3C /* HJAlbumTableViewCell.h */,
				C4FA49CF1EF2676500489B3C /* HJAlbumTableViewCell.m */,
				C4FA49CB1EF2648F00489B3C /* HJGridView.h */,
				C4FA49CC1EF2648F00489B3C /* HJGridView.m */,
				C4FA49D11EF2678B00489B3C /* HJGridViewCell.h */,
				C4FA49D21EF2678B00489B3C /* HJGridViewCell.m */,
				C4CF3F1B1EF366E900904F76 /* HJPhotoFetchManager.h */,
				C4CF3F1C1EF366E900904F76 /* HJPhotoFetchManager.m */,
				C4CF3F221EF77E3000904F76 /* HJNavigationView.h */,
				C4CF3F231EF77E3000904F76 /* HJNavigationView.m */,
				2A6A8E321EF8168300ABFBFB /* HJImagePickerBottomView.h */,
				2A6A8E331EF8168300ABFBFB /* HJImagePickerBottomView.m */,
				2A1F57D01EF96657009391E9 /* HJCollectionViewFlowLayout.h */,
				2A1F57D11EF96657009391E9 /* HJCollectionViewFlowLayout.m */,
			);
			name = HJImagePicker;
			path = ../../HJImagePicker;
			sourceTree = "<group>";
		};
		C4FA49C51EF2304800489B3C /* Frameworks */ = {
			isa = PBXGroup;
			children = (
				C4FA49C61EF2304900489B3C /* Photos.framework */,
				E93541319F3A416B641798CA /* libPods-HJImagePickerDemo.a */,
				0B11A6E296AC11032B2C63DE /* libPods-HJImagePickerDemoUITests.a */,
			);
			name = Frameworks;
			sourceTree = "<group>";
		};
/* End PBXGroup section */

/* Begin PBXNativeTarget section */
		C4FA49951EF222B300489B3C /* HJImagePickerDemo */ = {
			isa = PBXNativeTarget;
			buildConfigurationList = C4FA49B81EF222B500489B3C /* Build configuration list for PBXNativeTarget "HJImagePickerDemo" */;
			buildPhases = (
				FE46AD86243733E64D0719E9 /* [CP] Check Pods Manifest.lock */,
				C4FA49921EF222B300489B3C /* Sources */,
				C4FA49931EF222B300489B3C /* Frameworks */,
				C4FA49941EF222B300489B3C /* Resources */,
				9467AD56F0AEED309AEF135C /* [CP] Embed Pods Frameworks */,
				35D880A08483DC4DC773B878 /* [CP] Copy Pods Resources */,
			);
			buildRules = (
			);
			dependencies = (
			);
			name = HJImagePickerDemo;
			productName = HJImagePickerDemo;
			productReference = C4FA49961EF222B300489B3C /* HJImagePickerDemo.app */;
			productType = "com.apple.product-type.application";
		};
		C4FA49AE1EF222B500489B3C /* HJImagePickerDemoUITests */ = {
			isa = PBXNativeTarget;
			buildConfigurationList = C4FA49BB1EF222B500489B3C /* Build configuration list for PBXNativeTarget "HJImagePickerDemoUITests" */;
			buildPhases = (
				A9A35967C3EEF830B929BE9A /* [CP] Check Pods Manifest.lock */,
				C4FA49AB1EF222B500489B3C /* Sources */,
				C4FA49AC1EF222B500489B3C /* Frameworks */,
				C4FA49AD1EF222B500489B3C /* Resources */,
				46B54115C9C6FE319AA06F72 /* [CP] Embed Pods Frameworks */,
				5D68F2708090656DA8B331D7 /* [CP] Copy Pods Resources */,
			);
			buildRules = (
			);
			dependencies = (
				C4FA49B11EF222B500489B3C /* PBXTargetDependency */,
			);
			name = HJImagePickerDemoUITests;
			productName = HJImagePickerDemoUITests;
			productReference = C4FA49AF1EF222B500489B3C /* HJImagePickerDemoUITests.xctest */;
			productType = "com.apple.product-type.bundle.ui-testing";
		};
/* End PBXNativeTarget section */

/* Begin PBXProject section */
		C4FA498E1EF222B300489B3C /* Project object */ = {
			isa = PBXProject;
			attributes = {
				LastUpgradeCheck = 0830;
				ORGANIZATIONNAME = Hjay;
				TargetAttributes = {
					C4FA49951EF222B300489B3C = {
						CreatedOnToolsVersion = 8.3.3;
						DevelopmentTeam = XDK267KQ83;
						ProvisioningStyle = Manual;
					};
					C4FA49AE1EF222B500489B3C = {
						CreatedOnToolsVersion = 8.3.3;
						ProvisioningStyle = Automatic;
						TestTargetID = C4FA49951EF222B300489B3C;
					};
				};
			};
			buildConfigurationList = C4FA49911EF222B300489B3C /* Build configuration list for PBXProject "HJImagePickerDemo" */;
			compatibilityVersion = "Xcode 3.2";
			developmentRegion = English;
			hasScannedForEncodings = 0;
			knownRegions = (
				en,
			);
			mainGroup = C4FA498D1EF222B300489B3C;
			productRefGroup = C4FA49971EF222B300489B3C /* Products */;
			projectDirPath = "";
			projectRoot = "";
			targets = (
				C4FA49951EF222B300489B3C /* HJImagePickerDemo */,
				C4FA49AE1EF222B500489B3C /* HJImagePickerDemoUITests */,
			);
		};
/* End PBXProject section */

/* Begin PBXResourcesBuildPhase section */
		C4FA49941EF222B300489B3C /* Resources */ = {
			isa = PBXResourcesBuildPhase;
			buildActionMask = 2147483647;
			files = (
				C4FA49C41EF228AD00489B3C /* imagePicker.xcassets in Resources */,
				C4FA49A61EF222B400489B3C /* Assets.xcassets in Resources */,
			);
			runOnlyForDeploymentPostprocessing = 0;
		};
		C4FA49AD1EF222B500489B3C /* Resources */ = {
			isa = PBXResourcesBuildPhase;
			buildActionMask = 2147483647;
			files = (
			);
			runOnlyForDeploymentPostprocessing = 0;
		};
/* End PBXResourcesBuildPhase section */

/* Begin PBXShellScriptBuildPhase section */
		35D880A08483DC4DC773B878 /* [CP] Copy Pods Resources */ = {
			isa = PBXShellScriptBuildPhase;
			buildActionMask = 2147483647;
			files = (
			);
			inputPaths = (
			);
			name = "[CP] Copy Pods Resources";
			outputPaths = (
			);
			runOnlyForDeploymentPostprocessing = 0;
			shellPath = /bin/sh;
			shellScript = "\"${SRCROOT}/Pods/Target Support Files/Pods-HJImagePickerDemo/Pods-HJImagePickerDemo-resources.sh\"\n";
			showEnvVarsInLog = 0;
		};
		46B54115C9C6FE319AA06F72 /* [CP] Embed Pods Frameworks */ = {
			isa = PBXShellScriptBuildPhase;
			buildActionMask = 2147483647;
			files = (
			);
			inputPaths = (
			);
			name = "[CP] Embed Pods Frameworks";
			outputPaths = (
			);
			runOnlyForDeploymentPostprocessing = 0;
			shellPath = /bin/sh;
			shellScript = "\"${SRCROOT}/Pods/Target Support Files/Pods-HJImagePickerDemoUITests/Pods-HJImagePickerDemoUITests-frameworks.sh\"\n";
			showEnvVarsInLog = 0;
		};
		5D68F2708090656DA8B331D7 /* [CP] Copy Pods Resources */ = {
			isa = PBXShellScriptBuildPhase;
			buildActionMask = 2147483647;
			files = (
			);
			inputPaths = (
			);
			name = "[CP] Copy Pods Resources";
			outputPaths = (
			);
			runOnlyForDeploymentPostprocessing = 0;
			shellPath = /bin/sh;
			shellScript = "\"${SRCROOT}/Pods/Target Support Files/Pods-HJImagePickerDemoUITests/Pods-HJImagePickerDemoUITests-resources.sh\"\n";
			showEnvVarsInLog = 0;
		};
		9467AD56F0AEED309AEF135C /* [CP] Embed Pods Frameworks */ = {
			isa = PBXShellScriptBuildPhase;
			buildActionMask = 2147483647;
			files = (
			);
			inputPaths = (
			);
			name = "[CP] Embed Pods Frameworks";
			outputPaths = (
			);
			runOnlyForDeploymentPostprocessing = 0;
			shellPath = /bin/sh;
			shellScript = "\"${SRCROOT}/Pods/Target Support Files/Pods-HJImagePickerDemo/Pods-HJImagePickerDemo-frameworks.sh\"\n";
			showEnvVarsInLog = 0;
		};
		A9A35967C3EEF830B929BE9A /* [CP] Check Pods Manifest.lock */ = {
			isa = PBXShellScriptBuildPhase;
			buildActionMask = 2147483647;
			files = (
			);
			inputPaths = (
			);
			name = "[CP] Check Pods Manifest.lock";
			outputPaths = (
			);
			runOnlyForDeploymentPostprocessing = 0;
			shellPath = /bin/sh;
			shellScript = "diff \"${PODS_PODFILE_DIR_PATH}/Podfile.lock\" \"${PODS_ROOT}/Manifest.lock\" > /dev/null\nif [ $? != 0 ] ; then\n    # print error to STDERR\n    echo \"error: The sandbox is not in sync with the Podfile.lock. Run 'pod install' or update your CocoaPods installation.\" >&2\n    exit 1\nfi\n";
			showEnvVarsInLog = 0;
		};
		FE46AD86243733E64D0719E9 /* [CP] Check Pods Manifest.lock */ = {
			isa = PBXShellScriptBuildPhase;
			buildActionMask = 2147483647;
			files = (
			);
			inputPaths = (
			);
			name = "[CP] Check Pods Manifest.lock";
			outputPaths = (
			);
			runOnlyForDeploymentPostprocessing = 0;
			shellPath = /bin/sh;
			shellScript = "diff \"${PODS_PODFILE_DIR_PATH}/Podfile.lock\" \"${PODS_ROOT}/Manifest.lock\" > /dev/null\nif [ $? != 0 ] ; then\n    # print error to STDERR\n    echo \"error: The sandbox is not in sync with the Podfile.lock. Run 'pod install' or update your CocoaPods installation.\" >&2\n    exit 1\nfi\n";
			showEnvVarsInLog = 0;
		};
/* End PBXShellScriptBuildPhase section */

/* Begin PBXSourcesBuildPhase section */
		C4FA49921EF222B300489B3C /* Sources */ = {
			isa = PBXSourcesBuildPhase;
			buildActionMask = 2147483647;
			files = (
				C4FA49CD1EF2648F00489B3C /* HJGridView.m in Sources */,
				C4FA49D01EF2676500489B3C /* HJAlbumTableViewCell.m in Sources */,
				2A1F57D21EF96657009391E9 /* HJCollectionViewFlowLayout.m in Sources */,
				C4FA49A11EF222B400489B3C /* ViewController.m in Sources */,
				C4FA49CA1EF2645A00489B3C /* HJAlbumView.m in Sources */,
				C4FA499E1EF222B400489B3C /* AppDelegate.m in Sources */,
				C4FA49C21EF2283400489B3C /* HJImagePickerViewController.m in Sources */,
				2A6A8E341EF8168300ABFBFB /* HJImagePickerBottomView.m in Sources */,
				C4FA49D31EF2678B00489B3C /* HJGridViewCell.m in Sources */,
				C4CF3F241EF77E3000904F76 /* HJNavigationView.m in Sources */,
				C4CF3F1D1EF366E900904F76 /* HJPhotoFetchManager.m in Sources */,
				C4FA499B1EF222B300489B3C /* main.m in Sources */,
			);
			runOnlyForDeploymentPostprocessing = 0;
		};
		C4FA49AB1EF222B500489B3C /* Sources */ = {
			isa = PBXSourcesBuildPhase;
			buildActionMask = 2147483647;
			files = (
				C4FA49B41EF222B500489B3C /* HJImagePickerDemoUITests.m in Sources */,
			);
			runOnlyForDeploymentPostprocessing = 0;
		};
/* End PBXSourcesBuildPhase section */

/* Begin PBXTargetDependency section */
		C4FA49B11EF222B500489B3C /* PBXTargetDependency */ = {
			isa = PBXTargetDependency;
			target = C4FA49951EF222B300489B3C /* HJImagePickerDemo */;
			targetProxy = C4FA49B01EF222B500489B3C /* PBXContainerItemProxy */;
		};
/* End PBXTargetDependency section */

/* Begin XCBuildConfiguration section */
		C4FA49B61EF222B500489B3C /* Debug */ = {
			isa = XCBuildConfiguration;
			buildSettings = {
				ALWAYS_SEARCH_USER_PATHS = NO;
				CLANG_ANALYZER_NONNULL = YES;
				CLANG_ANALYZER_NUMBER_OBJECT_CONVERSION = YES_AGGRESSIVE;
				CLANG_CXX_LANGUAGE_STANDARD = "gnu++0x";
				CLANG_CXX_LIBRARY = "libc++";
				CLANG_ENABLE_MODULES = YES;
				CLANG_ENABLE_OBJC_ARC = YES;
				CLANG_WARN_BOOL_CONVERSION = YES;
				CLANG_WARN_CONSTANT_CONVERSION = YES;
				CLANG_WARN_DIRECT_OBJC_ISA_USAGE = YES_ERROR;
				CLANG_WARN_DOCUMENTATION_COMMENTS = YES;
				CLANG_WARN_EMPTY_BODY = YES;
				CLANG_WARN_ENUM_CONVERSION = YES;
				CLANG_WARN_INFINITE_RECURSION = YES;
				CLANG_WARN_INT_CONVERSION = YES;
				CLANG_WARN_OBJC_ROOT_CLASS = YES_ERROR;
				CLANG_WARN_SUSPICIOUS_MOVE = YES;
				CLANG_WARN_UNREACHABLE_CODE = YES;
				CLANG_WARN__DUPLICATE_METHOD_MATCH = YES;
				"CODE_SIGN_IDENTITY[sdk=iphoneos*]" = "iPhone Developer";
				COPY_PHASE_STRIP = NO;
				DEBUG_INFORMATION_FORMAT = dwarf;
				ENABLE_STRICT_OBJC_MSGSEND = YES;
				ENABLE_TESTABILITY = YES;
				GCC_C_LANGUAGE_STANDARD = gnu99;
				GCC_DYNAMIC_NO_PIC = NO;
				GCC_NO_COMMON_BLOCKS = YES;
				GCC_OPTIMIZATION_LEVEL = 0;
				GCC_PREPROCESSOR_DEFINITIONS = (
					"DEBUG=1",
					"$(inherited)",
				);
				GCC_WARN_64_TO_32_BIT_CONVERSION = YES;
				GCC_WARN_ABOUT_RETURN_TYPE = YES_ERROR;
				GCC_WARN_UNDECLARED_SELECTOR = YES;
				GCC_WARN_UNINITIALIZED_AUTOS = YES_AGGRESSIVE;
				GCC_WARN_UNUSED_FUNCTION = YES;
				GCC_WARN_UNUSED_VARIABLE = YES;
				IPHONEOS_DEPLOYMENT_TARGET = 8.0;
				MTL_ENABLE_DEBUG_INFO = YES;
				ONLY_ACTIVE_ARCH = YES;
				SDKROOT = iphoneos;
				TARGETED_DEVICE_FAMILY = "1,2";
			};
			name = Debug;
		};
		C4FA49B71EF222B500489B3C /* Release */ = {
			isa = XCBuildConfiguration;
			buildSettings = {
				ALWAYS_SEARCH_USER_PATHS = NO;
				CLANG_ANALYZER_NONNULL = YES;
				CLANG_ANALYZER_NUMBER_OBJECT_CONVERSION = YES_AGGRESSIVE;
				CLANG_CXX_LANGUAGE_STANDARD = "gnu++0x";
				CLANG_CXX_LIBRARY = "libc++";
				CLANG_ENABLE_MODULES = YES;
				CLANG_ENABLE_OBJC_ARC = YES;
				CLANG_WARN_BOOL_CONVERSION = YES;
				CLANG_WARN_CONSTANT_CONVERSION = YES;
				CLANG_WARN_DIRECT_OBJC_ISA_USAGE = YES_ERROR;
				CLANG_WARN_DOCUMENTATION_COMMENTS = YES;
				CLANG_WARN_EMPTY_BODY = YES;
				CLANG_WARN_ENUM_CONVERSION = YES;
				CLANG_WARN_INFINITE_RECURSION = YES;
				CLANG_WARN_INT_CONVERSION = YES;
				CLANG_WARN_OBJC_ROOT_CLASS = YES_ERROR;
				CLANG_WARN_SUSPICIOUS_MOVE = YES;
				CLANG_WARN_UNREACHABLE_CODE = YES;
				CLANG_WARN__DUPLICATE_METHOD_MATCH = YES;
				"CODE_SIGN_IDENTITY[sdk=iphoneos*]" = "iPhone Developer";
				COPY_PHASE_STRIP = NO;
				DEBUG_INFORMATION_FORMAT = "dwarf-with-dsym";
				ENABLE_NS_ASSERTIONS = NO;
				ENABLE_STRICT_OBJC_MSGSEND = YES;
				GCC_C_LANGUAGE_STANDARD = gnu99;
				GCC_NO_COMMON_BLOCKS = YES;
				GCC_WARN_64_TO_32_BIT_CONVERSION = YES;
				GCC_WARN_ABOUT_RETURN_TYPE = YES_ERROR;
				GCC_WARN_UNDECLARED_SELECTOR = YES;
				GCC_WARN_UNINITIALIZED_AUTOS = YES_AGGRESSIVE;
				GCC_WARN_UNUSED_FUNCTION = YES;
				GCC_WARN_UNUSED_VARIABLE = YES;
				IPHONEOS_DEPLOYMENT_TARGET = 8.0;
				MTL_ENABLE_DEBUG_INFO = NO;
				SDKROOT = iphoneos;
				TARGETED_DEVICE_FAMILY = "1,2";
				VALIDATE_PRODUCT = YES;
			};
			name = Release;
		};
		C4FA49B91EF222B500489B3C /* Debug */ = {
			isa = XCBuildConfiguration;
			baseConfigurationReference = CB8854312E387EFC4F626DDC /* Pods-HJImagePickerDemo.debug.xcconfig */;
			buildSettings = {
				ASSETCATALOG_COMPILER_APPICON_NAME = AppIcon;
				"CODE_SIGN_IDENTITY[sdk=iphoneos*]" = "iPhone Developer";
				DEVELOPMENT_TEAM = XDK267KQ83;
				INFOPLIST_FILE = HJImagePickerDemo/Info.plist;
				IPHONEOS_DEPLOYMENT_TARGET = 9.0;
				LD_RUNPATH_SEARCH_PATHS = "$(inherited) @executable_path/Frameworks";
				PRODUCT_BUNDLE_IDENTIFIER = WangCang.HJImagePickerDemo;
				PRODUCT_NAME = "$(TARGET_NAME)";
				PROVISIONING_PROFILE = "77f0e1f5-41af-44ef-975e-38903d34a039";
				PROVISIONING_PROFILE_SPECIFIER = "match Development *";
			};
			name = Debug;
		};
		C4FA49BA1EF222B500489B3C /* Release */ = {
			isa = XCBuildConfiguration;
			baseConfigurationReference = A5D29EA0DD2C9EFE31336EC9 /* Pods-HJImagePickerDemo.release.xcconfig */;
			buildSettings = {
				ASSETCATALOG_COMPILER_APPICON_NAME = AppIcon;
				"CODE_SIGN_IDENTITY[sdk=iphoneos*]" = "iPhone Developer";
				DEVELOPMENT_TEAM = "";
				INFOPLIST_FILE = HJImagePickerDemo/Info.plist;
				IPHONEOS_DEPLOYMENT_TARGET = 9.0;
				LD_RUNPATH_SEARCH_PATHS = "$(inherited) @executable_path/Frameworks";
				PRODUCT_BUNDLE_IDENTIFIER = WangCang.HJImagePickerDemo;
				PRODUCT_NAME = "$(TARGET_NAME)";
				PROVISIONING_PROFILE_SPECIFIER = "";
			};
			name = Release;
		};
		C4FA49BC1EF222B500489B3C /* Debug */ = {
			isa = XCBuildConfiguration;
			baseConfigurationReference = D65686D22F414DD050EEB6DA /* Pods-HJImagePickerDemoUITests.debug.xcconfig */;
			buildSettings = {
				INFOPLIST_FILE = HJImagePickerDemoUITests/Info.plist;
				LD_RUNPATH_SEARCH_PATHS = "$(inherited) @executable_path/Frameworks @loader_path/Frameworks";
				PRODUCT_BUNDLE_IDENTIFIER = WangCang.HJImagePickerDemoUITests;
				PRODUCT_NAME = "$(TARGET_NAME)";
				TEST_TARGET_NAME = HJImagePickerDemo;
			};
			name = Debug;
		};
		C4FA49BD1EF222B500489B3C /* Release */ = {
			isa = XCBuildConfiguration;
			baseConfigurationReference = 9395D34498684FD86BC26ACF /* Pods-HJImagePickerDemoUITests.release.xcconfig */;
			buildSettings = {
				INFOPLIST_FILE = HJImagePickerDemoUITests/Info.plist;
				LD_RUNPATH_SEARCH_PATHS = "$(inherited) @executable_path/Frameworks @loader_path/Frameworks";
				PRODUCT_BUNDLE_IDENTIFIER = WangCang.HJImagePickerDemoUITests;
				PRODUCT_NAME = "$(TARGET_NAME)";
				TEST_TARGET_NAME = HJImagePickerDemo;
			};
			name = Release;
		};
/* End XCBuildConfiguration section */

/* Begin XCConfigurationList section */
		C4FA49911EF222B300489B3C /* Build configuration list for PBXProject "HJImagePickerDemo" */ = {
			isa = XCConfigurationList;
			buildConfigurations = (
				C4FA49B61EF222B500489B3C /* Debug */,
				C4FA49B71EF222B500489B3C /* Release */,
			);
			defaultConfigurationIsVisible = 0;
			defaultConfigurationName = Release;
		};
		C4FA49B81EF222B500489B3C /* Build configuration list for PBXNativeTarget "HJImagePickerDemo" */ = {
			isa = XCConfigurationList;
			buildConfigurations = (
				C4FA49B91EF222B500489B3C /* Debug */,
				C4FA49BA1EF222B500489B3C /* Release */,
			);
			defaultConfigurationIsVisible = 0;
			defaultConfigurationName = Release;
		};
		C4FA49BB1EF222B500489B3C /* Build configuration list for PBXNativeTarget "HJImagePickerDemoUITests" */ = {
			isa = XCConfigurationList;
			buildConfigurations = (
				C4FA49BC1EF222B500489B3C /* Debug */,
				C4FA49BD1EF222B500489B3C /* Release */,
			);
			defaultConfigurationIsVisible = 0;
			defaultConfigurationName = Release;
		};
/* End XCConfigurationList section */
	};
	rootObject = C4FA498E1EF222B300489B3C /* Project object */;
}
